{
  "name": "inventoryManagementSystem",
  "lockfileVersion": 2,
  "requires": true,
  "packages": {
    "": {
      "dependencies": {
        "@iconify/icons-emojione-monotone": "^1.1.0",
        "@iconify/icons-ic": "^1.1.17",
        "@iconify/icons-mdi": "^1.1.42",
        "@iconify/icons-wi": "^1.1.0"
      },
      "devDependencies": {
        "@iconify/react": "^3.1.0"
      }
    },
    "node_modules/@iconify/icons-emojione-monotone": {
      "version": "1.1.0",
      "resolved": "https://registry.npmjs.org/@iconify/icons-emojione-monotone/-/icons-emojione-monotone-1.1.0.tgz",
      "integrity": "sha512-fz2NZ40hq3Ud0QryD9Q0CalEsrrdbay5lBSoP1HuBdu2GMh4SBwibxFMSxy2qqbom69BeitiHl/GHAvW6ybbsg=="
    },
    "node_modules/@iconify/icons-ic": {
      "version": "1.1.17",
      "resolved": "https://registry.npmjs.org/@iconify/icons-ic/-/icons-ic-1.1.17.tgz",
      "integrity": "sha512-7hBao2xPa8ZAzXIMhl1sfWK74GTEZtBGhO0h53TX21JOY9xCto9uTWbbIOyEqA2Z0IzFl4tqhZKcS/4UJPB7XQ=="
    },
    "node_modules/@iconify/icons-mdi": {
      "version": "1.1.42",
      "resolved": "https://registry.npmjs.org/@iconify/icons-mdi/-/icons-mdi-1.1.42.tgz",
      "integrity": "sha512-YHX2Z0s+5Y5EQlBbQ2xQV9pI+RmTr4EwRaqtTEPjfP5g8cekQzR7A8aSohLtgq6m+nziDagIROFFZIFzkS+LJw=="
    },
    "node_modules/@iconify/icons-wi": {
      "version": "1.1.0",
      "resolved": "https://registry.npmjs.org/@iconify/icons-wi/-/icons-wi-1.1.0.tgz",
      "integrity": "sha512-pMYKykLzSt09nN6Z76Fyu1tsnpWJBX7tEmsNWwhKnqrBLdr2k1vPVKvx32HkLQtohwX9Mp6UyihlgXqQ2e7zSA=="
    },
    "node_modules/@iconify/react": {
      "version": "3.1.0",
      "resolved": "https://registry.npmjs.org/@iconify/react/-/react-3.1.0.tgz",
      "integrity": "sha512-RBmYRPgjBukT7/qdUBnj0ZFEEP4plKs8f/ANYrPvnMID+T0VXRc1zKzKWWV9tjR5hw/QpsKSw1fmxfKjSihKHg==",
      "dev": true,
      "dependencies": {
        "cross-fetch": "^3.1.4"
      },
      "funding": {
        "url": "http://github.com/sponsors/cyberalien"
      }
    },
    "node_modules/cross-fetch": {
      "version": "3.1.4",
      "resolved": "https://registry.npmjs.org/cross-fetch/-/cross-fetch-3.1.4.tgz",
      "integrity": "sha512-1eAtFWdIubi6T4XPy6ei9iUFoKpUkIF971QLN8lIvvvwueI65+Nw5haMNKUwfJxabqlIIDODJKGrQ66gxC0PbQ==",
      "dev": true,
      "dependencies": {
        "node-fetch": "2.6.1"
      }
    },
    "node_modules/node-fetch": {
      "version": "2.6.1",
      "resolved": "https://registry.npmjs.org/node-fetch/-/node-fetch-2.6.1.tgz",
      "integrity": "sha512-V4aYg89jEoVRxRb2fJdAg8FHvI7cEyYdVAh94HH0UIK8oJxUfkjlDQN9RbMx+bEjP7+ggMiFRprSti032Oipxw==",
      "dev": true,
      "engines": {
        "node": "4.x || >=6.0.0"
      }
    }
  },
  "dependencies": {
    "@iconify/icons-emojione-monotone": {
      "version": "1.1.0",
      "resolved": "https://registry.npmjs.org/@iconify/icons-emojione-monotone/-/icons-emojione-monotone-1.1.0.tgz",
      "integrity": "sha512-fz2NZ40hq3Ud0QryD9Q0CalEsrrdbay5lBSoP1HuBdu2GMh4SBwibxFMSxy2qqbom69BeitiHl/GHAvW6ybbsg=="
    },
    "@iconify/icons-ic": {
      "version": "1.1.17",
      "resolved": "https://registry.npmjs.org/@iconify/icons-ic/-/icons-ic-1.1.17.tgz",
      "integrity": "sha512-7hBao2xPa8ZAzXIMhl1sfWK74GTEZtBGhO0h53TX21JOY9xCto9uTWbbIOyEqA2Z0IzFl4tqhZKcS/4UJPB7XQ=="
    },
    "@iconify/icons-mdi": {
      "version": "1.1.42",
      "resolved": "https://registry.npmjs.org/@iconify/icons-mdi/-/icons-mdi-1.1.42.tgz",
      "integrity": "sha512-YHX2Z0s+5Y5EQlBbQ2xQV9pI+RmTr4EwRaqtTEPjfP5g8cekQzR7A8aSohLtgq6m+nziDagIROFFZIFzkS+LJw=="
    },
    "@iconify/icons-wi": {
      "version": "1.1.0",
      "resolved": "https://registry.npmjs.org/@iconify/icons-wi/-/icons-wi-1.1.0.tgz",
      "integrity": "sha512-pMYKykLzSt09nN6Z76Fyu1tsnpWJBX7tEmsNWwhKnqrBLdr2k1vPVKvx32HkLQtohwX9Mp6UyihlgXqQ2e7zSA=="
    },
    "@iconify/react": {
      "version": "3.1.0",
      "resolved": "https://registry.npmjs.org/@iconify/react/-/react-3.1.0.tgz",
      "integrity": "sha512-RBmYRPgjBukT7/qdUBnj0ZFEEP4plKs8f/ANYrPvnMID+T0VXRc1zKzKWWV9tjR5hw/QpsKSw1fmxfKjSihKHg==",
      "dev": true,
      "requires": {
        "cross-fetch": "^3.1.4"
      }
    },
    "cross-fetch": {
      "version": "3.1.4",
      "resolved": "https://registry.npmjs.org/cross-fetch/-/cross-fetch-3.1.4.tgz",
      "integrity": "sha512-1eAtFWdIubi6T4XPy6ei9iUFoKpUkIF971QLN8lIvvvwueI65+Nw5haMNKUwfJxabqlIIDODJKGrQ66gxC0PbQ==",
      "dev": true,
      "requires": {
        "node-fetch": "2.6.1"
      }
    },
    "node-fetch": {
      "version": "2.6.1",
      "resolved": "https://registry.npmjs.org/node-fetch/-/node-fetch-2.6.1.tgz",
      "integrity": "sha512-V4aYg89jEoVRxRb2fJdAg8FHvI7cEyYdVAh94HH0UIK8oJxUfkjlDQN9RbMx+bEjP7+ggMiFRprSti032Oipxw==",
      "dev": true
    }
  }
}
